
Microsoft Visual Studio Solution File, Format Version 12.00
# Visual Studio Version 17
VisualStudioVersion = 17.13.36105.23 d17.13
MinimumVisualStudioVersion = 10.0.40219.1
Project("{FAE04EC0-301F-11D3-BF4B-00C04F79EFBC}") = "AppWeb", "AppWeb.csproj", "{A52FBE66-59AF-451F-B9AE-512901E0314E}"
EndProject
Global
	GlobalSection(SolutionConfigurationPlatforms) = preSolution
		Debug|Any CPU = Debug|Any CPU
		Release|Any CPU = Release|Any CPU
	EndGlobalSection
	GlobalSection(ProjectConfigurationPlatforms) = postSolution
		{A52FBE66-59AF-451F-B9AE-512901E0314E}.Debug|Any CPU.ActiveCfg = Debug|Any CPU
		{A52FBE66-59AF-451F-B9AE-512901E0314E}.Debug|Any CPU.Build.0 = Debug|Any CPU
		{A52FBE66-59AF-451F-B9AE-512901E0314E}.Release|Any CPU.ActiveCfg = Release|Any CPU
		{A52FBE66-59AF-451F-B9AE-512901E0314E}.Release|Any CPU.Build.0 = Release|Any CPU
	EndGlobalSection
	GlobalSection(SolutionProperties) = preSolution
		HideSolutionNode = FALSE
	EndGlobalSection
	GlobalSection(ExtensibilityGlobals) = postSolution
		SolutionGuid = {EF24BA8B-DCB7-4689-98A7-144D5119E5D8}
	EndGlobalSection
EndGlobal
